
Microsoft Visual Studio Solution File, Format Version 12.00
Project("{FAE04EC0-301F-11D3-BF4B-00C04F79EFBC}") = "sso-back", "sso-back\sso-back.csproj", "{480D5F04-7F2F-47C4-B4C8-6525AD587DC8}"
EndProject
Global
	GlobalSection(SolutionConfigurationPlatforms) = preSolution
		Debug|Any CPU = Debug|Any CPU
		Release|Any CPU = Release|Any CPU
	EndGlobalSection
	GlobalSection(ProjectConfigurationPlatforms) = postSolution
		{480D5F04-7F2F-47C4-B4C8-6525AD587DC8}.Debug|Any CPU.ActiveCfg = Debug|Any CPU
		{480D5F04-7F2F-47C4-B4C8-6525AD587DC8}.Debug|Any CPU.Build.0 = Debug|Any CPU
		{480D5F04-7F2F-47C4-B4C8-6525AD587DC8}.Release|Any CPU.ActiveCfg = Release|Any CPU
		{480D5F04-7F2F-47C4-B4C8-6525AD587DC8}.Release|Any CPU.Build.0 = Release|Any CPU
	EndGlobalSection
EndGlobal
